
Microsoft Visual Studio Solution File, Format Version 12.00
# Visual Studio Version 18
VisualStudioVersion = 18.9.12120.119 stable
MinimumVisualStudioVersion = 10.0.40219.1
Project("{FAE04EC0-301F-11D3-BF4B-00C04F79EFBC}") = "review2", "review2\review2.csproj", "{6404FBD2-B0A6-476C-95C8-2E7856EA352A}"
EndProject
Project("{FAE04EC0-301F-11D3-BF4B-00C04F79EFBC}") = "review2NUnit", "review2NUnit\review2NUnit.csproj", "{20C9924B-43E7-4C80-B477-ADDD7CFA4855}"
EndProject
Global
	GlobalSection(SolutionConfigurationPlatforms) = preSolution
		Debug|Any CPU = Debug|Any CPU
		Release|Any CPU = Release|Any CPU
	EndGlobalSection
	GlobalSection(ProjectConfigurationPlatforms) = postSolution
		{6404FBD2-B0A6-476C-95C8-2E7856EA352A}.Debug|Any CPU.ActiveCfg = Debug|Any CPU
		{6404FBD2-B0A6-476C-95C8-2E7856EA352A}.Debug|Any CPU.Build.0 = Debug|Any CPU
		{6404FBD2-B0A6-476C-95C8-2E7856EA352A}.Release|Any CPU.ActiveCfg = Release|Any CPU
		{6404FBD2-B0A6-476C-95C8-2E7856EA352A}.Release|Any CPU.Build.0 = Release|Any CPU
		{20C9924B-43E7-4C80-B477-ADDD7CFA4855}.Debug|Any CPU.ActiveCfg = Debug|Any CPU
		{20C9924B-43E7-4C80-B477-ADDD7CFA4855}.Debug|Any CPU.Build.0 = Debug|Any CPU
		{20C9924B-43E7-4C80-B477-ADDD7CFA4855}.Release|Any CPU.ActiveCfg = Release|Any CPU
		{20C9924B-43E7-4C80-B477-ADDD7CFA4855}.Release|Any CPU.Build.0 = Release|Any CPU
	EndGlobalSection
	GlobalSection(SolutionProperties) = preSolution
		HideSolutionNode = FALSE
	EndGlobalSection
EndGlobal
